// !$*UTF8*$!
{
	archiveVersion = 1;
	classes = {
	};
	objectVersion = 46;
	objects = {

/* Begin PBXBuildFile section */
		161F1B181A30FFEE0038FF05 /* AppDelegate.swift in Sources */ = {isa = PBXBuildFile; fileRef = 161F1B171A30FFEE0038FF05 /* AppDelegate.swift */; };
		161F1B1A1A30FFEE0038FF05 /* ViewController.swift in Sources */ = {isa = PBXBuildFile; fileRef = 161F1B191A30FFEE0038FF05 /* ViewController.swift */; };
		161F1B1D1A30FFEE0038FF05 /* Main.storyboard in Resources */ = {isa = PBXBuildFile; fileRef = 161F1B1B1A30FFEE0038FF05 /* Main.storyboard */; };
		161F1B1F1A30FFEE0038FF05 /* Images.xcassets in Resources */ = {isa = PBXBuildFile; fileRef = 161F1B1E1A30FFEE0038FF05 /* Images.xcassets */; };
		161F1B221A30FFEE0038FF05 /* LaunchScreen.xib in Resources */ = {isa = PBXBuildFile; fileRef = 161F1B201A30FFEE0038FF05 /* LaunchScreen.xib */; };
		161F1B2E1A30FFEE0038FF05 /* SpismedNuWebTests.swift in Sources */ = {isa = PBXBuildFile; fileRef = 161F1B2D1A30FFEE0038FF05 /* SpismedNuWebTests.swift */; };
/* End PBXBuildFile section */

/* Begin PBXContainerItemProxy section */
		161F1B281A30FFEE0038FF05 /* PBXContainerItemProxy */ = {
			isa = PBXContainerItemProxy;
			containerPortal = 161F1B0A1A30FFEE0038FF05 /* Project object */;
			proxyType = 1;
			remoteGlobalIDString = 161F1B111A30FFEE0038FF05;
			remoteInfo = SpismedNuWeb;
		};
/* End PBXContainerItemProxy section */

/* Begin PBXFileReference section */
		161F1B121A30FFEE0038FF05 /* SpismedNuWeb.app */ = {isa = PBXFileReference; explicitFileType = wrapper.application; includeInIndex = 0; path = SpismedNuWeb.app; sourceTree = BUILT_PRODUCTS_DIR; };
		161F1B161A30FFEE0038FF05 /* Info.plist */ = {isa = PBXFileReference; lastKnownFileType = text.plist.xml; path = Info.plist; sourceTree = "<group>"; };
		161F1B171A30FFEE0038FF05 /* AppDelegate.swift */ = {isa = PBXFileReference; lastKnownFileType = sourcecode.swift; path = AppDelegate.swift; sourceTree = "<group>"; };
		161F1B191A30FFEE0038FF05 /* ViewController.swift */ = {isa = PBXFileReference; lastKnownFileType = sourcecode.swift; path = ViewController.swift; sourceTree = "<group>"; };
		161F1B1C1A30FFEE0038FF05 /* Base */ = {isa = PBXFileReference; lastKnownFileType = file.storyboard; name = Base; path = Base.lproj/Main.storyboard; sourceTree = "<group>"; };
		161F1B1E1A30FFEE0038FF05 /* Images.xcassets */ = {isa = PBXFileReference; lastKnownFileType = folder.assetcatalog; path = Images.xcassets; sourceTree = "<group>"; };
		161F1B211A30FFEE0038FF05 /* Base */ = {isa = PBXFileReference; lastKnownFileType = file.xib; name = Base; path = Base.lproj/LaunchScreen.xib; sourceTree = "<group>"; };
		161F1B271A30FFEE0038FF05 /* SpismedNuWebTests.xctest */ = {isa = PBXFileReference; explicitFileType = wrapper.cfbundle; includeInIndex = 0; path = SpismedNuWebTests.xctest; sourceTree = BUILT_PRODUCTS_DIR; };
		161F1B2C1A30FFEE0038FF05 /* Info.plist */ = {isa = PBXFileReference; lastKnownFileType = text.plist.xml; path = Info.plist; sourceTree = "<group>"; };
		161F1B2D1A30FFEE0038FF05 /* SpismedNuWebTests.swift */ = {isa = PBXFileReference; lastKnownFileType = sourcecode.swift; path = SpismedNuWebTests.swift; sourceTree = "<group>"; };
/* End PBXFileReference section */

/* Begin PBXFrameworksBuildPhase section */
		161F1B0F1A30FFEE0038FF05 /* Frameworks */ = {
			isa = PBXFrameworksBuildPhase;
			buildActionMask = 2147483647;
			files = (
			);
			runOnlyForDeploymentPostprocessing = 0;
		};
		161F1B241A30FFEE0038FF05 /* Frameworks */ = {
			isa = PBXFrameworksBuildPhase;
			buildActionMask = 2147483647;
			files = (
			);
			runOnlyForDeploymentPostprocessing = 0;
		};
/* End PBXFrameworksBuildPhase section */

/* Begin PBXGroup section */
		161F1B091A30FFEE0038FF05 = {
			isa = PBXGroup;
			children = (
				161F1B141A30FFEE0038FF05 /* SpismedNuWeb */,
				161F1B2A1A30FFEE0038FF05 /* SpismedNuWebTests */,
				161F1B131A30FFEE0038FF05 /* Products */,
			);
			sourceTree = "<group>";
		};
		161F1B131A30FFEE0038FF05 /* Products */ = {
			isa = PBXGroup;
			children = (
				161F1B121A30FFEE0038FF05 /* SpismedNuWeb.app */,
				161F1B271A30FFEE0038FF05 /* SpismedNuWebTests.xctest */,
			);
			name = Products;
			sourceTree = "<group>";
		};
		161F1B141A30FFEE0038FF05 /* SpismedNuWeb */ = {
			isa = PBXGroup;
			children = (
				161F1B171A30FFEE0038FF05 /* AppDelegate.swift */,
				161F1B191A30FFEE0038FF05 /* ViewController.swift */,
				161F1B1B1A30FFEE0038FF05 /* Main.storyboard */,
				161F1B1E1A30FFEE0038FF05 /* Images.xcassets */,
				161F1B201A30FFEE0038FF05 /* LaunchScreen.xib */,
				161F1B151A30FFEE0038FF05 /* Supporting Files */,
			);
			path = SpismedNuWeb;
			sourceTree = "<group>";
		};
		161F1B151A30FFEE0038FF05 /* Supporting Files */ = {
			isa = PBXGroup;
			children = (
				161F1B161A30FFEE0038FF05 /* Info.plist */,
			);
			name = "Supporting Files";
			sourceTree = "<group>";
		};
		161F1B2A1A30FFEE0038FF05 /* SpismedNuWebTests */ = {
			isa = PBXGroup;
			children = (
				161F1B2D1A30FFEE0038FF05 /* SpismedNuWebTests.swift */,
				161F1B2B1A30FFEE0038FF05 /* Supporting Files */,
			);
			path = SpismedNuWebTests;
			sourceTree = "<group>";
		};
		161F1B2B1A30FFEE0038FF05 /* Supporting Files */ = {
			isa = PBXGroup;
			children = (
				161F1B2C1A30FFEE0038FF05 /* Info.plist */,
			);
			name = "Supporting Files";
			sourceTree = "<group>";
		};
/* End PBXGroup section */

/* Begin PBXNativeTarget section */
		161F1B111A30FFEE0038FF05 /* SpismedNuWeb */ = {
			isa = PBXNativeTarget;
			buildConfigurationList = 161F1B311A30FFEE0038FF05 /* Build configuration list for PBXNativeTarget "SpismedNuWeb" */;
			buildPhases = (
				161F1B0E1A30FFEE0038FF05 /* Sources */,
				161F1B0F1A30FFEE0038FF05 /* Frameworks */,
				161F1B101A30FFEE0038FF05 /* Resources */,
			);
			buildRules = (
			);
			dependencies = (
			);
			name = SpismedNuWeb;
			productName = SpismedNuWeb;
			productReference = 161F1B121A30FFEE0038FF05 /* SpismedNuWeb.app */;
			productType = "com.apple.product-type.application";
		};
		161F1B261A30FFEE0038FF05 /* SpismedNuWebTests */ = {
			isa = PBXNativeTarget;
			buildConfigurationList = 161F1B341A30FFEE0038FF05 /* Build configuration list for PBXNativeTarget "SpismedNuWebTests" */;
			buildPhases = (
				161F1B231A30FFEE0038FF05 /* Sources */,
				161F1B241A30FFEE0038FF05 /* Frameworks */,
				161F1B251A30FFEE0038FF05 /* Resources */,
			);
			buildRules = (
			);
			dependencies = (
				161F1B291A30FFEE0038FF05 /* PBXTargetDependency */,
			);
			name = SpismedNuWebTests;
			productName = SpismedNuWebTests;
			productReference = 161F1B271A30FFEE0038FF05 /* SpismedNuWebTests.xctest */;
			productType = "com.apple.product-type.bundle.unit-test";
		};
/* End PBXNativeTarget section */

/* Begin PBXProject section */
		161F1B0A1A30FFEE0038FF05 /* Project object */ = {
			isa = PBXProject;
			attributes = {
				LastUpgradeCheck = 0610;
				ORGANIZATIONNAME = "Pylonweb I/S";
				TargetAttributes = {
					161F1B111A30FFEE0038FF05 = {
						CreatedOnToolsVersion = 6.1.1;
					};
					161F1B261A30FFEE0038FF05 = {
						CreatedOnToolsVersion = 6.1.1;
						TestTargetID = 161F1B111A30FFEE0038FF05;
					};
				};
			};
			buildConfigurationList = 161F1B0D1A30FFEE0038FF05 /* Build configuration list for PBXProject "SpismedNuWeb" */;
			compatibilityVersion = "Xcode 3.2";
			developmentRegion = English;
			hasScannedForEncodings = 0;
			knownRegions = (
				en,
				Base,
			);
			mainGroup = 161F1B091A30FFEE0038FF05;
			productRefGroup = 161F1B131A30FFEE0038FF05 /* Products */;
			projectDirPath = "";
			projectRoot = "";
			targets = (
				161F1B111A30FFEE0038FF05 /* SpismedNuWeb */,
				161F1B261A30FFEE0038FF05 /* SpismedNuWebTests */,
			);
		};
/* End PBXProject section */

/* Begin PBXResourcesBuildPhase section */
		161F1B101A30FFEE0038FF05 /* Resources */ = {
			isa = PBXResourcesBuildPhase;
			buildActionMask = 2147483647;
			files = (
				161F1B1D1A30FFEE0038FF05 /* Main.storyboard in Resources */,
				161F1B221A30FFEE0038FF05 /* LaunchScreen.xib in Resources */,
				161F1B1F1A30FFEE0038FF05 /* Images.xcassets in Resources */,
			);
			runOnlyForDeploymentPostprocessing = 0;
		};
		161F1B251A30FFEE0038FF05 /* Resources */ = {
			isa = PBXResourcesBuildPhase;
			buildActionMask = 2147483647;
			files = (
			);
			runOnlyForDeploymentPostprocessing = 0;
		};
/* End PBXResourcesBuildPhase section */

/* Begin PBXSourcesBuildPhase section */
		161F1B0E1A30FFEE0038FF05 /* Sources */ = {
			isa = PBXSourcesBuildPhase;
			buildActionMask = 2147483647;
			files = (
				161F1B1A1A30FFEE0038FF05 /* ViewController.swift in Sources */,
				161F1B181A30FFEE0038FF05 /* AppDelegate.swift in Sources */,
			);
			runOnlyForDeploymentPostprocessing = 0;
		};
		161F1B231A30FFEE0038FF05 /* Sources */ = {
			isa = PBXSourcesBuildPhase;
			buildActionMask = 2147483647;
			files = (
				161F1B2E1A30FFEE0038FF05 /* SpismedNuWebTests.swift in Sources */,
			);
			runOnlyForDeploymentPostprocessing = 0;
		};
/* End PBXSourcesBuildPhase section */

/* Begin PBXTargetDependency section */
		161F1B291A30FFEE0038FF05 /* PBXTargetDependency */ = {
			isa = PBXTargetDependency;
			target = 161F1B111A30FFEE0038FF05 /* SpismedNuWeb */;
			targetProxy = 161F1B281A30FFEE0038FF05 /* PBXContainerItemProxy */;
		};
/* End PBXTargetDependency section */

/* Begin PBXVariantGroup section */
		161F1B1B1A30FFEE0038FF05 /* Main.storyboard */ = {
			isa = PBXVariantGroup;
			children = (
				161F1B1C1A30FFEE0038FF05 /* Base */,
			);
			name = Main.storyboard;
			sourceTree = "<group>";
		};
		161F1B201A30FFEE0038FF05 /* LaunchScreen.xib */ = {
			isa = PBXVariantGroup;
			children = (
				161F1B211A30FFEE0038FF05 /* Base */,
			);
			name = LaunchScreen.xib;
			sourceTree = "<group>";
		};
/* End PBXVariantGroup section */

/* Begin XCBuildConfiguration section */
		161F1B2F1A30FFEE0038FF05 /* Debug */ = {
			isa = XCBuildConfiguration;
			buildSettings = {
				ALWAYS_SEARCH_USER_PATHS = NO;
				CLANG_CXX_LANGUAGE_STANDARD = "gnu++0x";
				CLANG_CXX_LIBRARY = "libc++";
				CLANG_ENABLE_MODULES = YES;
				CLANG_ENABLE_OBJC_ARC = YES;
				CLANG_WARN_BOOL_CONVERSION = YES;
				CLANG_WARN_CONSTANT_CONVERSION = YES;
				CLANG_WARN_DIRECT_OBJC_ISA_USAGE = YES_ERROR;
				CLANG_WARN_EMPTY_BODY = YES;
				CLANG_WARN_ENUM_CONVERSION = YES;
				CLANG_WARN_INT_CONVERSION = YES;
				CLANG_WARN_OBJC_ROOT_CLASS = YES_ERROR;
				CLANG_WARN_UNREACHABLE_CODE = YES;
				CLANG_WARN__DUPLICATE_METHOD_MATCH = YES;
				"CODE_SIGN_IDENTITY[sdk=iphoneos*]" = "iPhone Developer";
				COPY_PHASE_STRIP = NO;
				ENABLE_STRICT_OBJC_MSGSEND = YES;
				GCC_C_LANGUAGE_STANDARD = gnu99;
				GCC_DYNAMIC_NO_PIC = NO;
				GCC_OPTIMIZATION_LEVEL = 0;
				GCC_PREPROCESSOR_DEFINITIONS = (
					"DEBUG=1",
					"$(inherited)",
				);
				GCC_SYMBOLS_PRIVATE_EXTERN = NO;
				GCC_WARN_64_TO_32_BIT_CONVERSION = YES;
				GCC_WARN_ABOUT_RETURN_TYPE = YES_ERROR;
				GCC_WARN_UNDECLARED_SELECTOR = YES;
				GCC_WARN_UNINITIALIZED_AUTOS = YES_AGGRESSIVE;
				GCC_WARN_UNUSED_FUNCTION = YES;
				GCC_WARN_UNUSED_VARIABLE = YES;
				IPHONEOS_DEPLOYMENT_TARGET = 8.1;
				MTL_ENABLE_DEBUG_INFO = YES;
				ONLY_ACTIVE_ARCH = YES;
				SDKROOT = iphoneos;
				SWIFT_OPTIMIZATION_LEVEL = "-Onone";
				TARGETED_DEVICE_FAMILY = "1,2";
			};
			name = Debug;
		};
		161F1B301A30FFEE0038FF05 /* Release */ = {
			isa = XCBuildConfiguration;
			buildSettings = {
				ALWAYS_SEARCH_USER_PATHS = NO;
				CLANG_CXX_LANGUAGE_STANDARD = "gnu++0x";
				CLANG_CXX_LIBRARY = "libc++";
				CLANG_ENABLE_MODULES = YES;
				CLANG_ENABLE_OBJC_ARC = YES;
				CLANG_WARN_BOOL_CONVERSION = YES;
				CLANG_WARN_CONSTANT_CONVERSION = YES;
				CLANG_WARN_DIRECT_OBJC_ISA_USAGE = YES_ERROR;
				CLANG_WARN_EMPTY_BODY = YES;
				CLANG_WARN_ENUM_CONVERSION = YES;
				CLANG_WARN_INT_CONVERSION = YES;
				CLANG_WARN_OBJC_ROOT_CLASS = YES_ERROR;
				CLANG_WARN_UNREACHABLE_CODE = YES;
				CLANG_WARN__DUPLICATE_METHOD_MATCH = YES;
				"CODE_SIGN_IDENTITY[sdk=iphoneos*]" = "iPhone Developer";
				COPY_PHASE_STRIP = YES;
				ENABLE_NS_ASSERTIONS = NO;
				ENABLE_STRICT_OBJC_MSGSEND = YES;
				GCC_C_LANGUAGE_STANDARD = gnu99;
				GCC_WARN_64_TO_32_BIT_CONVERSION = YES;
				GCC_WARN_ABOUT_RETURN_TYPE = YES_ERROR;
				GCC_WARN_UNDECLARED_SELECTOR = YES;
				GCC_WARN_UNINITIALIZED_AUTOS = YES_AGGRESSIVE;
				GCC_WARN_UNUSED_FUNCTION = YES;
				GCC_WARN_UNUSED_VARIABLE = YES;
				IPHONEOS_DEPLOYMENT_TARGET = 8.1;
				MTL_ENABLE_DEBUG_INFO = NO;
				SDKROOT = iphoneos;
				TARGETED_DEVICE_FAMILY = "1,2";
				VALIDATE_PRODUCT = YES;
			};
			name = Release;
		};
		161F1B321A30FFEE0038FF05 /* Debug */ = {
			isa = XCBuildConfiguration;
			buildSettings = {
				ASSETCATALOG_COMPILER_APPICON_NAME = AppIcon;
				INFOPLIST_FILE = SpismedNuWeb/Info.plist;
				LD_RUNPATH_SEARCH_PATHS = "$(inherited) @executable_path/Frameworks";
				PRODUCT_NAME = "$(TARGET_NAME)";
			};
			name = Debug;
		};
		161F1B331A30FFEE0038FF05 /* Release */ = {
			isa = XCBuildConfiguration;
			buildSettings = {
				ASSETCATALOG_COMPILER_APPICON_NAME = AppIcon;
				INFOPLIST_FILE = SpismedNuWeb/Info.plist;
				LD_RUNPATH_SEARCH_PATHS = "$(inherited) @executable_path/Frameworks";
				PRODUCT_NAME = "$(TARGET_NAME)";
			};
			name = Release;
		};
		161F1B351A30FFEE0038FF05 /* Debug */ = {
			isa = XCBuildConfiguration;
			buildSettings = {
				BUNDLE_LOADER = "$(TEST_HOST)";
				FRAMEWORK_SEARCH_PATHS = (
					"$(SDKROOT)/Developer/Library/Frameworks",
					"$(inherited)",
				);
				GCC_PREPROCESSOR_DEFINITIONS = (
					"DEBUG=1",
					"$(inherited)",
				);
				INFOPLIST_FILE = SpismedNuWebTests/Info.plist;
				LD_RUNPATH_SEARCH_PATHS = "$(inherited) @executable_path/Frameworks @loader_path/Frameworks";
				PRODUCT_NAME = "$(TARGET_NAME)";
				TEST_HOST = "$(BUILT_PRODUCTS_DIR)/SpismedNuWeb.app/SpismedNuWeb";
			};
			name = Debug;
		};
		161F1B361A30FFEE0038FF05 /* Release */ = {
			isa = XCBuildConfiguration;
			buildSettings = {
				BUNDLE_LOADER = "$(TEST_HOST)";
				FRAMEWORK_SEARCH_PATHS = (
					"$(SDKROOT)/Developer/Library/Frameworks",
					"$(inherited)",
				);
				INFOPLIST_FILE = SpismedNuWebTests/Info.plist;
				LD_RUNPATH_SEARCH_PATHS = "$(inherited) @executable_path/Frameworks @loader_path/Frameworks";
				PRODUCT_NAME = "$(TARGET_NAME)";
				TEST_HOST = "$(BUILT_PRODUCTS_DIR)/SpismedNuWeb.app/SpismedNuWeb";
			};
			name = Release;
		};
/* End XCBuildConfiguration section */

/* Begin XCConfigurationList section */
		161F1B0D1A30FFEE0038FF05 /* Build configuration list for PBXProject "SpismedNuWeb" */ = {
			isa = XCConfigurationList;
			buildConfigurations = (
				161F1B2F1A30FFEE0038FF05 /* Debug */,
				161F1B301A30FFEE0038FF05 /* Release */,
			);
			defaultConfigurationIsVisible = 0;
			defaultConfigurationName = Release;
		};
		161F1B311A30FFEE0038FF05 /* Build configuration list for PBXNativeTarget "SpismedNuWeb" */ = {
			isa = XCConfigurationList;
			buildConfigurations = (
				161F1B321A30FFEE0038FF05 /* Debug */,
				161F1B331A30FFEE0038FF05 /* Release */,
			);
			defaultConfigurationIsVisible = 0;
		};
		161F1B341A30FFEE0038FF05 /* Build configuration list for PBXNativeTarget "SpismedNuWebTests" */ = {
			isa = XCConfigurationList;
			buildConfigurations = (
				161F1B351A30FFEE0038FF05 /* Debug */,
				161F1B361A30FFEE0038FF05 /* Release */,
			);
			defaultConfigurationIsVisible = 0;
		};
/* End XCConfigurationList section */
	};
	rootObject = 161F1B0A1A30FFEE0038FF05 /* Project object */;
}
